
Microsoft Visual Studio Solution File, Format Version 12.00
# Visual Studio Version 17
VisualStudioVersion = 17.4.33205.214
MinimumVisualStudioVersion = 10.0.40219.1
Project("{FAE04EC0-301F-11D3-BF4B-00C04F79EFBC}") = "Funcogtyp", "Funcogtyp.csproj", "{61DE1A4B-2D57-45A6-AEF6-516ED2516C26}"
EndProject
Project("{FAE04EC0-301F-11D3-BF4B-00C04F79EFBC}") = "Business", "..\Business\Business.csproj", "{762D28A0-452D-4C71-9943-41F40D85C6EA}"
EndProject
Project("{FAE04EC0-301F-11D3-BF4B-00C04F79EFBC}") = "Data", "..\Data\Data.csproj", "{F67621D1-1A42-4108-8C0C-B3395988AD68}"
EndProject
Project("{FAE04EC0-301F-11D3-BF4B-00C04F79EFBC}") = "Test", "..\Test\Test.csproj", "{5D9C0264-5545-436C-B3FB-6C374EB305A2}"
EndProject
Global
	GlobalSection(SolutionConfigurationPlatforms) = preSolution
		Debug|Any CPU = Debug|Any CPU
		Release|Any CPU = Release|Any CPU
	EndGlobalSection
	GlobalSection(ProjectConfigurationPlatforms) = postSolution
		{61DE1A4B-2D57-45A6-AEF6-516ED2516C26}.Debug|Any CPU.ActiveCfg = Debug|Any CPU
		{61DE1A4B-2D57-45A6-AEF6-516ED2516C26}.Debug|Any CPU.Build.0 = Debug|Any CPU
		{61DE1A4B-2D57-45A6-AEF6-516ED2516C26}.Release|Any CPU.ActiveCfg = Release|Any CPU
		{61DE1A4B-2D57-45A6-AEF6-516ED2516C26}.Release|Any CPU.Build.0 = Release|Any CPU
		{762D28A0-452D-4C71-9943-41F40D85C6EA}.Debug|Any CPU.ActiveCfg = Debug|Any CPU
		{762D28A0-452D-4C71-9943-41F40D85C6EA}.Debug|Any CPU.Build.0 = Debug|Any CPU
		{762D28A0-452D-4C71-9943-41F40D85C6EA}.Release|Any CPU.ActiveCfg = Release|Any CPU
		{762D28A0-452D-4C71-9943-41F40D85C6EA}.Release|Any CPU.Build.0 = Release|Any CPU
		{F67621D1-1A42-4108-8C0C-B3395988AD68}.Debug|Any CPU.ActiveCfg = Debug|Any CPU
		{F67621D1-1A42-4108-8C0C-B3395988AD68}.Debug|Any CPU.Build.0 = Debug|Any CPU
		{F67621D1-1A42-4108-8C0C-B3395988AD68}.Release|Any CPU.ActiveCfg = Release|Any CPU
		{F67621D1-1A42-4108-8C0C-B3395988AD68}.Release|Any CPU.Build.0 = Release|Any CPU
		{5D9C0264-5545-436C-B3FB-6C374EB305A2}.Debug|Any CPU.ActiveCfg = Debug|Any CPU
		{5D9C0264-5545-436C-B3FB-6C374EB305A2}.Debug|Any CPU.Build.0 = Debug|Any CPU
		{5D9C0264-5545-436C-B3FB-6C374EB305A2}.Release|Any CPU.ActiveCfg = Release|Any CPU
		{5D9C0264-5545-436C-B3FB-6C374EB305A2}.Release|Any CPU.Build.0 = Release|Any CPU
	EndGlobalSection
	GlobalSection(SolutionProperties) = preSolution
		HideSolutionNode = FALSE
	EndGlobalSection
	GlobalSection(ExtensibilityGlobals) = postSolution
		SolutionGuid = {E6673123-3376-4954-BAC6-8FE93D1F4F75}
	EndGlobalSection
EndGlobal
